// !$*UTF8*$!
{
	archiveVersion = 1;
	classes = {
	};
	objectVersion = 77;
	objects = {

/* Begin PBXBuildFile section */
		5F0EB6FC1F9491D8622D3427 /* MaBestieWidgetHostApp.swift in Sources */ = {isa = PBXBuildFile; fileRef = 24BD11CF1C3914764CB28DC3 /* MaBestieWidgetHostApp.swift */; };
		A690226AB0264335140648DB /* Resources in Resources */ = {isa = PBXBuildFile; fileRef = 93CE4436DDFB8B83F49761A1 /* Resources */; };
		D24F3E729F0BA902F51E4B41 /* MaBestieWidgetExtension.appex in Embed Foundation Extensions */ = {isa = PBXBuildFile; fileRef = B54D1BBA69AE913E7A5F203D /* MaBestieWidgetExtension.appex */; settings = {ATTRIBUTES = (RemoveHeadersOnCopy, ); }; };
		FD9383674C71BF0CDE0C3F74 /* MaBestieWidget.swift in Sources */ = {isa = PBXBuildFile; fileRef = 67B5E50B7B4CCEBDA9DFEC3F /* MaBestieWidget.swift */; };
/* End PBXBuildFile section */

/* Begin PBXContainerItemProxy section */
		F808D9AA96AF31622381304D /* PBXContainerItemProxy */ = {
			isa = PBXContainerItemProxy;
			containerPortal = 29D99D8236792CCCC70ECF1B /* Project object */;
			proxyType = 1;
			remoteGlobalIDString = C499DF7F0D30462908FF00A1;
			remoteInfo = MaBestieWidgetExtension;
		};
/* End PBXContainerItemProxy section */

/* Begin PBXCopyFilesBuildPhase section */
		6DE0184BD01E8A44EE975287 /* Embed Foundation Extensions */ = {
			isa = PBXCopyFilesBuildPhase;
			buildActionMask = 2147483647;
			dstPath = "";
			dstSubfolderSpec = 13;
			files = (
				D24F3E729F0BA902F51E4B41 /* MaBestieWidgetExtension.appex in Embed Foundation Extensions */,
			);
			name = "Embed Foundation Extensions";
			runOnlyForDeploymentPostprocessing = 0;
		};
/* End PBXCopyFilesBuildPhase section */

/* Begin PBXFileReference section */
		24BD11CF1C3914764CB28DC3 /* MaBestieWidgetHostApp.swift */ = {isa = PBXFileReference; lastKnownFileType = sourcecode.swift; path = MaBestieWidgetHostApp.swift; sourceTree = "<group>"; };
		29D067CA01915A90351F8C92 /* MaBestieWidgetHost.app */ = {isa = PBXFileReference; includeInIndex = 0; lastKnownFileType = wrapper.application; path = MaBestieWidgetHost.app; sourceTree = BUILT_PRODUCTS_DIR; };
		67B5E50B7B4CCEBDA9DFEC3F /* MaBestieWidget.swift */ = {isa = PBXFileReference; lastKnownFileType = sourcecode.swift; path = MaBestieWidget.swift; sourceTree = "<group>"; };
		93CE4436DDFB8B83F49761A1 /* Resources */ = {isa = PBXFileReference; lastKnownFileType = folder; name = Resources; path = MaBestieWidget/Resources; sourceTree = SOURCE_ROOT; };
		B54D1BBA69AE913E7A5F203D /* MaBestieWidgetExtension.appex */ = {isa = PBXFileReference; includeInIndex = 0; lastKnownFileType = "wrapper.app-extension"; path = MaBestieWidgetExtension.appex; sourceTree = BUILT_PRODUCTS_DIR; };
/* End PBXFileReference section */

/* Begin PBXGroup section */
		09FF2C7C40A9E77467B6ECE6 = {
			isa = PBXGroup;
			children = (
				93CE4436DDFB8B83F49761A1 /* Resources */,
				3B306B7D4CA21FCA92015BD2 /* MaBestieWidget */,
				21AB0F9116B74FE473441E79 /* MaBestieWidgetHost */,
				8A4FC5A37F0AF407B4A251DD /* Products */,
			);
			sourceTree = "<group>";
		};
		21AB0F9116B74FE473441E79 /* MaBestieWidgetHost */ = {
			isa = PBXGroup;
			children = (
				24BD11CF1C3914764CB28DC3 /* MaBestieWidgetHostApp.swift */,
			);
			path = MaBestieWidgetHost;
			sourceTree = "<group>";
		};
		3B306B7D4CA21FCA92015BD2 /* MaBestieWidget */ = {
			isa = PBXGroup;
			children = (
				67B5E50B7B4CCEBDA9DFEC3F /* MaBestieWidget.swift */,
			);
			path = MaBestieWidget;
			sourceTree = "<group>";
		};
		8A4FC5A37F0AF407B4A251DD /* Products */ = {
			isa = PBXGroup;
			children = (
				B54D1BBA69AE913E7A5F203D /* MaBestieWidgetExtension.appex */,
				29D067CA01915A90351F8C92 /* MaBestieWidgetHost.app */,
			);
			name = Products;
			sourceTree = "<group>";
		};
/* End PBXGroup section */

/* Begin PBXNativeTarget section */
		38A3D046E9BF55261072592F /* MaBestieWidgetHost */ = {
			isa = PBXNativeTarget;
			buildConfigurationList = 27D96574BCC5866788664396 /* Build configuration list for PBXNativeTarget "MaBestieWidgetHost" */;
			buildPhases = (
				504B4F010310973EB39026AD /* Sources */,
				6DE0184BD01E8A44EE975287 /* Embed Foundation Extensions */,
			);
			buildRules = (
			);
			dependencies = (
				1CB1E913602AF6BEA44BA93D /* PBXTargetDependency */,
			);
			name = MaBestieWidgetHost;
			packageProductDependencies = (
			);
			productName = MaBestieWidgetHost;
			productReference = 29D067CA01915A90351F8C92 /* MaBestieWidgetHost.app */;
			productType = "com.apple.product-type.application";
		};
		C499DF7F0D30462908FF00A1 /* MaBestieWidgetExtension */ = {
			isa = PBXNativeTarget;
			buildConfigurationList = 2BA729D99EA433039B0CEBF3 /* Build configuration list for PBXNativeTarget "MaBestieWidgetExtension" */;
			buildPhases = (
				840561BDBD633CD2F166F1AA /* Sources */,
				39CFEE7C70EF930A91FAE3DD /* Resources */,
			);
			buildRules = (
			);
			dependencies = (
			);
			name = MaBestieWidgetExtension;
			packageProductDependencies = (
			);
			productName = MaBestieWidgetExtension;
			productReference = B54D1BBA69AE913E7A5F203D /* MaBestieWidgetExtension.appex */;
			productType = "com.apple.product-type.app-extension";
		};
/* End PBXNativeTarget section */

/* Begin PBXProject section */
		29D99D8236792CCCC70ECF1B /* Project object */ = {
			isa = PBXProject;
			attributes = {
				BuildIndependentTargetsInParallel = YES;
				LastUpgradeCheck = 1430;
				TargetAttributes = {
					38A3D046E9BF55261072592F = {
						ProvisioningStyle = Automatic;
					};
					C499DF7F0D30462908FF00A1 = {
						ProvisioningStyle = Automatic;
					};
				};
			};
			buildConfigurationList = E68466E141FBE2D448785CCB /* Build configuration list for PBXProject "MaBestieWidget" */;
			developmentRegion = en;
			hasScannedForEncodings = 0;
			knownRegions = (
				Base,
				en,
			);
			mainGroup = 09FF2C7C40A9E77467B6ECE6;
			minimizedProjectReferenceProxies = 1;
			preferredProjectObjectVersion = 77;
			productRefGroup = 8A4FC5A37F0AF407B4A251DD /* Products */;
			projectDirPath = "";
			projectRoot = "";
			targets = (
				38A3D046E9BF55261072592F /* MaBestieWidgetHost */,
				C499DF7F0D30462908FF00A1 /* MaBestieWidgetExtension */,
			);
		};
/* End PBXProject section */

/* Begin PBXResourcesBuildPhase section */
		39CFEE7C70EF930A91FAE3DD /* Resources */ = {
			isa = PBXResourcesBuildPhase;
			buildActionMask = 2147483647;
			files = (
				A690226AB0264335140648DB /* Resources in Resources */,
			);
			runOnlyForDeploymentPostprocessing = 0;
		};
/* End PBXResourcesBuildPhase section */

/* Begin PBXSourcesBuildPhase section */
		504B4F010310973EB39026AD /* Sources */ = {
			isa = PBXSourcesBuildPhase;
			buildActionMask = 2147483647;
			files = (
				5F0EB6FC1F9491D8622D3427 /* MaBestieWidgetHostApp.swift in Sources */,
			);
			runOnlyForDeploymentPostprocessing = 0;
		};
		840561BDBD633CD2F166F1AA /* Sources */ = {
			isa = PBXSourcesBuildPhase;
			buildActionMask = 2147483647;
			files = (
				FD9383674C71BF0CDE0C3F74 /* MaBestieWidget.swift in Sources */,
			);
			runOnlyForDeploymentPostprocessing = 0;
		};
/* End PBXSourcesBuildPhase section */

/* Begin PBXTargetDependency section */
		1CB1E913602AF6BEA44BA93D /* PBXTargetDependency */ = {
			isa = PBXTargetDependency;
			target = C499DF7F0D30462908FF00A1 /* MaBestieWidgetExtension */;
			targetProxy = F808D9AA96AF31622381304D /* PBXContainerItemProxy */;
		};
/* End PBXTargetDependency section */

/* Begin XCBuildConfiguration section */
		0F1992B4EB416C8D4E26A1F0 /* Release */ = {
			isa = XCBuildConfiguration;
			buildSettings = {
				ASSETCATALOG_COMPILER_APPICON_NAME = AppIcon;
				CODE_SIGN_IDENTITY = "iPhone Developer";
				CURRENT_PROJECT_VERSION = 1;
				INFOPLIST_FILE = MaBestieWidgetHost/Info.plist;
				LD_RUNPATH_SEARCH_PATHS = (
					"$(inherited)",
					"@executable_path/Frameworks",
				);
				MARKETING_VERSION = 1.0;
				PRODUCT_BUNDLE_IDENTIFIER = com.mabestie.widgethost;
				SDKROOT = iphoneos;
				TARGETED_DEVICE_FAMILY = 1;
			};
			name = Release;
		};
		40211800524B34C8A8A82BB6 /* Debug */ = {
			isa = XCBuildConfiguration;
			buildSettings = {
				ALWAYS_SEARCH_USER_PATHS = NO;
				CLANG_ANALYZER_NONNULL = YES;
				CLANG_ANALYZER_NUMBER_OBJECT_CONVERSION = YES_AGGRESSIVE;
				CLANG_CXX_LANGUAGE_STANDARD = "gnu++14";
				CLANG_CXX_LIBRARY = "libc++";
				CLANG_ENABLE_MODULES = YES;
				CLANG_ENABLE_OBJC_ARC = YES;
				CLANG_ENABLE_OBJC_WEAK = YES;
				CLANG_WARN_BLOCK_CAPTURE_AUTORELEASING = YES;
				CLANG_WARN_BOOL_CONVERSION = YES;
				CLANG_WARN_COMMA = YES;
				CLANG_WARN_CONSTANT_CONVERSION = YES;
				CLANG_WARN_DEPRECATED_OBJC_IMPLEMENTATIONS = YES;
				CLANG_WARN_DIRECT_OBJC_ISA_USAGE = YES_ERROR;
				CLANG_WARN_DOCUMENTATION_COMMENTS = YES;
				CLANG_WARN_EMPTY_BODY = YES;
				CLANG_WARN_ENUM_CONVERSION = YES;
				CLANG_WARN_INFINITE_RECURSION = YES;
				CLANG_WARN_INT_CONVERSION = YES;
				CLANG_WARN_NON_LITERAL_NULL_CONVERSION = YES;
				CLANG_WARN_OBJC_IMPLICIT_RETAIN_SELF = YES;
				CLANG_WARN_OBJC_LITERAL_CONVERSION = YES;
				CLANG_WARN_OBJC_ROOT_CLASS = YES_ERROR;
				CLANG_WARN_QUOTED_INCLUDE_IN_FRAMEWORK_HEADER = YES;
				CLANG_WARN_RANGE_LOOP_ANALYSIS = YES;
				CLANG_WARN_STRICT_PROTOTYPES = YES;
				CLANG_WARN_SUSPICIOUS_MOVE = YES;
				CLANG_WARN_UNGUARDED_AVAILABILITY = YES_AGGRESSIVE;
				CLANG_WARN_UNREACHABLE_CODE = YES;
				CLANG_WARN__DUPLICATE_METHOD_MATCH = YES;
				CODE_SIGN_STYLE = Automatic;
				COPY_PHASE_STRIP = NO;
				DEBUG_INFORMATION_FORMAT = dwarf;
				ENABLE_STRICT_OBJC_MSGSEND = YES;
				ENABLE_TESTABILITY = YES;
				GCC_C_LANGUAGE_STANDARD = gnu11;
				GCC_DYNAMIC_NO_PIC = NO;
				GCC_NO_COMMON_BLOCKS = YES;
				GCC_OPTIMIZATION_LEVEL = 0;
				GCC_PREPROCESSOR_DEFINITIONS = (
					"$(inherited)",
					"DEBUG=1",
				);
				GCC_WARN_64_TO_32_BIT_CONVERSION = YES;
				GCC_WARN_ABOUT_RETURN_TYPE = YES_ERROR;
				GCC_WARN_UNDECLARED_SELECTOR = YES;
				GCC_WARN_UNINITIALIZED_AUTOS = YES_AGGRESSIVE;
				GCC_WARN_UNUSED_FUNCTION = YES;
				GCC_WARN_UNUSED_VARIABLE = YES;
				IPHONEOS_DEPLOYMENT_TARGET = 17.0;
				MTL_ENABLE_DEBUG_INFO = INCLUDE_SOURCE;
				MTL_FAST_MATH = YES;
				ONLY_ACTIVE_ARCH = YES;
				PRODUCT_NAME = "$(TARGET_NAME)";
				SDKROOT = iphoneos;
				SWIFT_ACTIVE_COMPILATION_CONDITIONS = DEBUG;
				SWIFT_OPTIMIZATION_LEVEL = "-Onone";
				SWIFT_VERSION = 5.0;
				TARGETED_DEVICE_FAMILY = 1;
			};
			name = Debug;
		};
		6E39E1E9A938612661864C79 /* Debug */ = {
			isa = XCBuildConfiguration;
			buildSettings = {
				APPLICATION_EXTENSION_API_ONLY = YES;
				CURRENT_PROJECT_VERSION = 1;
				INFOPLIST_FILE = MaBestieWidget/Info.plist;
				LD_RUNPATH_SEARCH_PATHS = (
					"$(inherited)",
					"@executable_path/Frameworks",
					"@executable_path/../../Frameworks",
				);
				MARKETING_VERSION = 1.0;
				PRODUCT_BUNDLE_IDENTIFIER = com.mabestie.widgethost.widget;
				SDKROOT = iphoneos;
				TARGETED_DEVICE_FAMILY = 1;
			};
			name = Debug;
		};
		7773073BCEF932C8A626F2E7 /* Debug */ = {
			isa = XCBuildConfiguration;
			buildSettings = {
				ASSETCATALOG_COMPILER_APPICON_NAME = AppIcon;
				CODE_SIGN_IDENTITY = "iPhone Developer";
				CURRENT_PROJECT_VERSION = 1;
				INFOPLIST_FILE = MaBestieWidgetHost/Info.plist;
				LD_RUNPATH_SEARCH_PATHS = (
					"$(inherited)",
					"@executable_path/Frameworks",
				);
				MARKETING_VERSION = 1.0;
				PRODUCT_BUNDLE_IDENTIFIER = com.mabestie.widgethost;
				SDKROOT = iphoneos;
				TARGETED_DEVICE_FAMILY = 1;
			};
			name = Debug;
		};
		9325D1854D1A904E80C6CE67 /* Release */ = {
			isa = XCBuildConfiguration;
			buildSettings = {
				ALWAYS_SEARCH_USER_PATHS = NO;
				CLANG_ANALYZER_NONNULL = YES;
				CLANG_ANALYZER_NUMBER_OBJECT_CONVERSION = YES_AGGRESSIVE;
				CLANG_CXX_LANGUAGE_STANDARD = "gnu++14";
				CLANG_CXX_LIBRARY = "libc++";
				CLANG_ENABLE_MODULES = YES;
				CLANG_ENABLE_OBJC_ARC = YES;
				CLANG_ENABLE_OBJC_WEAK = YES;
				CLANG_WARN_BLOCK_CAPTURE_AUTORELEASING = YES;
				CLANG_WARN_BOOL_CONVERSION = YES;
				CLANG_WARN_COMMA = YES;
				CLANG_WARN_CONSTANT_CONVERSION = YES;
				CLANG_WARN_DEPRECATED_OBJC_IMPLEMENTATIONS = YES;
				CLANG_WARN_DIRECT_OBJC_ISA_USAGE = YES_ERROR;
				CLANG_WARN_DOCUMENTATION_COMMENTS = YES;
				CLANG_WARN_EMPTY_BODY = YES;
				CLANG_WARN_ENUM_CONVERSION = YES;
				CLANG_WARN_INFINITE_RECURSION = YES;
				CLANG_WARN_INT_CONVERSION = YES;
				CLANG_WARN_NON_LITERAL_NULL_CONVERSION = YES;
				CLANG_WARN_OBJC_IMPLICIT_RETAIN_SELF = YES;
				CLANG_WARN_OBJC_LITERAL_CONVERSION = YES;
				CLANG_WARN_OBJC_ROOT_CLASS = YES_ERROR;
				CLANG_WARN_QUOTED_INCLUDE_IN_FRAMEWORK_HEADER = YES;
				CLANG_WARN_RANGE_LOOP_ANALYSIS = YES;
				CLANG_WARN_STRICT_PROTOTYPES = YES;
				CLANG_WARN_SUSPICIOUS_MOVE = YES;
				CLANG_WARN_UNGUARDED_AVAILABILITY = YES_AGGRESSIVE;
				CLANG_WARN_UNREACHABLE_CODE = YES;
				CLANG_WARN__DUPLICATE_METHOD_MATCH = YES;
				CODE_SIGN_STYLE = Automatic;
				COPY_PHASE_STRIP = NO;
				DEBUG_INFORMATION_FORMAT = "dwarf-with-dsym";
				ENABLE_NS_ASSERTIONS = NO;
				ENABLE_STRICT_OBJC_MSGSEND = YES;
				GCC_C_LANGUAGE_STANDARD = gnu11;
				GCC_NO_COMMON_BLOCKS = YES;
				GCC_WARN_64_TO_32_BIT_CONVERSION = YES;
				GCC_WARN_ABOUT_RETURN_TYPE = YES_ERROR;
				GCC_WARN_UNDECLARED_SELECTOR = YES;
				GCC_WARN_UNINITIALIZED_AUTOS = YES_AGGRESSIVE;
				GCC_WARN_UNUSED_FUNCTION = YES;
				GCC_WARN_UNUSED_VARIABLE = YES;
				IPHONEOS_DEPLOYMENT_TARGET = 17.0;
				MTL_ENABLE_DEBUG_INFO = NO;
				MTL_FAST_MATH = YES;
				PRODUCT_NAME = "$(TARGET_NAME)";
				SDKROOT = iphoneos;
				SWIFT_COMPILATION_MODE = wholemodule;
				SWIFT_OPTIMIZATION_LEVEL = "-O";
				SWIFT_VERSION = 5.0;
				TARGETED_DEVICE_FAMILY = 1;
			};
			name = Release;
		};
		DBDEE9D7AE6D2765D43004B4 /* Release */ = {
			isa = XCBuildConfiguration;
			buildSettings = {
				APPLICATION_EXTENSION_API_ONLY = YES;
				CURRENT_PROJECT_VERSION = 1;
				INFOPLIST_FILE = MaBestieWidget/Info.plist;
				LD_RUNPATH_SEARCH_PATHS = (
					"$(inherited)",
					"@executable_path/Frameworks",
					"@executable_path/../../Frameworks",
				);
				MARKETING_VERSION = 1.0;
				PRODUCT_BUNDLE_IDENTIFIER = com.mabestie.widgethost.widget;
				SDKROOT = iphoneos;
				TARGETED_DEVICE_FAMILY = 1;
			};
			name = Release;
		};
/* End XCBuildConfiguration section */

/* Begin XCConfigurationList section */
		27D96574BCC5866788664396 /* Build configuration list for PBXNativeTarget "MaBestieWidgetHost" */ = {
			isa = XCConfigurationList;
			buildConfigurations = (
				7773073BCEF932C8A626F2E7 /* Debug */,
				0F1992B4EB416C8D4E26A1F0 /* Release */,
			);
			defaultConfigurationIsVisible = 0;
			defaultConfigurationName = Debug;
		};
		2BA729D99EA433039B0CEBF3 /* Build configuration list for PBXNativeTarget "MaBestieWidgetExtension" */ = {
			isa = XCConfigurationList;
			buildConfigurations = (
				6E39E1E9A938612661864C79 /* Debug */,
				DBDEE9D7AE6D2765D43004B4 /* Release */,
			);
			defaultConfigurationIsVisible = 0;
			defaultConfigurationName = Debug;
		};
		E68466E141FBE2D448785CCB /* Build configuration list for PBXProject "MaBestieWidget" */ = {
			isa = XCConfigurationList;
			buildConfigurations = (
				40211800524B34C8A8A82BB6 /* Debug */,
				9325D1854D1A904E80C6CE67 /* Release */,
			);
			defaultConfigurationIsVisible = 0;
			defaultConfigurationName = Debug;
		};
/* End XCConfigurationList section */
	};
	rootObject = 29D99D8236792CCCC70ECF1B /* Project object */;
}
